
Microsoft Visual Studio Solution File, Format Version 12.00
# Visual Studio Version 17
VisualStudioVersion = 17.6.33801.468
MinimumVisualStudioVersion = 10.0.40219.1
Project("{9A19103F-16F7-4668-BE54-9A1E7A4F7556}") = "MovieApp", "MovieApp.csproj", "{DD62408A-33D7-4FCC-9F89-C91429CD163A}"
EndProject
Global
	GlobalSection(SolutionConfigurationPlatforms) = preSolution
		Debug|Any CPU = Debug|Any CPU
		Release|Any CPU = Release|Any CPU
	EndGlobalSection
	GlobalSection(ProjectConfigurationPlatforms) = postSolution
		{DD62408A-33D7-4FCC-9F89-C91429CD163A}.Debug|Any CPU.ActiveCfg = Debug|Any CPU
		{DD62408A-33D7-4FCC-9F89-C91429CD163A}.Debug|Any CPU.Build.0 = Debug|Any CPU
		{DD62408A-33D7-4FCC-9F89-C91429CD163A}.Release|Any CPU.ActiveCfg = Release|Any CPU
		{DD62408A-33D7-4FCC-9F89-C91429CD163A}.Release|Any CPU.Build.0 = Release|Any CPU
	EndGlobalSection
	GlobalSection(SolutionProperties) = preSolution
		HideSolutionNode = FALSE
	EndGlobalSection
	GlobalSection(ExtensibilityGlobals) = postSolution
		SolutionGuid = {E24A251F-C4A1-4414-A432-048AFFAD5B09}
	EndGlobalSection
EndGlobal
